{
    "name": "vertesia-magic-pdf-get-started",
    "version": "0.0.1",
    "lockfileVersion": 3,
    "requires": true,
    "packages": {
        "": {
            "name": "vertesia-magic-pdf-get-started",
            "version": "0.0.1",
            "license": "APL-2.0",
            "dependencies": {
                "@vertesia/client": "^0.51.0",
                "commander": "^13.1.0",
                "node-web-stream-adapters": "^0.2.1"
            },
            "devDependencies": {
                "@tsconfig/node-lts": "^22.0.1",
                "@types/bun": "latest",
                "dotenv": "^16.4.7",
                "typescript": "^5.8.2"
            }
        },
        "node_modules/@llumiverse/core": {
            "version": "0.15.0",
            "resolved": "https://registry.npmjs.org/@llumiverse/core/-/core-0.15.0.tgz",
            "integrity": "sha512-MDTHapYicYP+p0vpcc98njXey2F+hWtGc+gnWzS4ufU+vxYkL4DfBpeOF9O00Bg/hTxzGdxv0BYRcY88hqpk6g==",
            "license": "Apache-2.0",
            "dependencies": {
                "@types/node": "^22.5.0",
                "ajv": "^8.16.0",
                "ajv-formats": "^3.0.1"
            }
        },
        "node_modules/@tsconfig/node-lts": {
            "version": "22.0.1",
            "resolved": "https://registry.npmjs.org/@tsconfig/node-lts/-/node-lts-22.0.1.tgz",
            "integrity": "sha512-BwlbLiYurZKrj+Pa6etSE1jXmr3VEDdgJto1jEYKcpBVwZZSWVkCPyFEFYbHdIOaFMlSTtV206DYPlT109aqug==",
            "dev": true,
            "license": "MIT"
        },
        "node_modules/@types/bun": {
            "version": "1.2.8",
            "resolved": "https://registry.npmjs.org/@types/bun/-/bun-1.2.8.tgz",
            "integrity": "sha512-t8L1RvJVUghW5V+M/fL3Thbxcs0HwNsXsnTEBEfEVqGteiJToOlZ/fyOEaR1kZsNqnu+3XA4RI/qmnX4w6+S+w==",
            "dev": true,
            "license": "MIT",
            "dependencies": {
                "bun-types": "1.2.7"
            }
        },
        "node_modules/@types/node": {
            "version": "22.14.0",
            "resolved": "https://registry.npmjs.org/@types/node/-/node-22.14.0.tgz",
            "integrity": "sha512-Kmpl+z84ILoG+3T/zQFyAJsU6EPTmOCj8/2+83fSN6djd6I4o7uOuGIH6vq3PrjY5BGitSbFuMN18j3iknubbA==",
            "license": "MIT",
            "dependencies": {
                "undici-types": "~6.21.0"
            }
        },
        "node_modules/@types/ws": {
            "version": "8.18.1",
            "resolved": "https://registry.npmjs.org/@types/ws/-/ws-8.18.1.tgz",
            "integrity": "sha512-ThVF6DCVhA8kUGy+aazFQ4kXQ7E1Ty7A3ypFOe0IcJV8O/M511G99AW24irKrW56Wt44yG9+ij8FaqoBGkuBXg==",
            "dev": true,
            "license": "MIT",
            "dependencies": {
                "@types/node": "*"
            }
        },
        "node_modules/@vertesia/api-fetch-client": {
            "version": "0.51.0",
            "resolved": "https://registry.npmjs.org/@vertesia/api-fetch-client/-/api-fetch-client-0.51.0.tgz",
            "integrity": "sha512-vXXEyXnGuCRRX6IvxmPqNXmu3j/i9sEGnl8pTfkZ0em246MfGDxpyaenPxRe6WhTg6RVnRKUnzZTS8IISMlZig==",
            "license": "MIT",
            "dependencies": {
                "eventsource-parser": "^1.1.1"
            }
        },
        "node_modules/@vertesia/client": {
            "version": "0.51.0",
            "resolved": "https://registry.npmjs.org/@vertesia/client/-/client-0.51.0.tgz",
            "integrity": "sha512-iDCKW7/yp15KLyylXEU6BMhTV4PyM4+TnKDQbytRmTyC3w+bUGfIxMBWH9Ei7yExUXBBbem0cGGoWpJd56/56Q==",
            "dependencies": {
                "@llumiverse/core": "0.15.0",
                "@vertesia/api-fetch-client": "0.51.0",
                "@vertesia/common": "0.51.0",
                "eventsource": "^2.0.2"
            }
        },
        "node_modules/@vertesia/common": {
            "version": "0.51.0",
            "resolved": "https://registry.npmjs.org/@vertesia/common/-/common-0.51.0.tgz",
            "integrity": "sha512-QUjvoJDecweKfUy4RdLL5FJs4baIm6A+BW9OlZHA61EXj0msUNElXjpeF0kKDc9ndtNtksmxNGkUTvX5dyA7Aw==",
            "dependencies": {
                "@llumiverse/core": "0.15.0",
                "ajv": "^8.16.0",
                "json-schema": "^0.4.0",
                "mime": "^4.0.4"
            }
        },
        "node_modules/ajv": {
            "version": "8.17.1",
            "resolved": "https://registry.npmjs.org/ajv/-/ajv-8.17.1.tgz",
            "integrity": "sha512-B/gBuNg5SiMTrPkC+A2+cW0RszwxYmn6VYxB/inlBStS5nx6xHIt/ehKRhIMhqusl7a8LjQoZnjCs5vhwxOQ1g==",
            "license": "MIT",
            "dependencies": {
                "fast-deep-equal": "^3.1.3",
                "fast-uri": "^3.0.1",
                "json-schema-traverse": "^1.0.0",
                "require-from-string": "^2.0.2"
            },
            "funding": {
                "type": "github",
                "url": "https://github.com/sponsors/epoberezkin"
            }
        },
        "node_modules/ajv-formats": {
            "version": "3.0.1",
            "resolved": "https://registry.npmjs.org/ajv-formats/-/ajv-formats-3.0.1.tgz",
            "integrity": "sha512-8iUql50EUR+uUcdRQ3HDqa6EVyo3docL8g5WJ3FNcWmu62IbkGUue/pEyLBW8VGKKucTPgqeks4fIU1DA4yowQ==",
            "license": "MIT",
            "dependencies": {
                "ajv": "^8.0.0"
            },
            "peerDependencies": {
                "ajv": "^8.0.0"
            },
            "peerDependenciesMeta": {
                "ajv": {
                    "optional": true
                }
            }
        },
        "node_modules/bun-types": {
            "version": "1.2.7",
            "resolved": "https://registry.npmjs.org/bun-types/-/bun-types-1.2.7.tgz",
            "integrity": "sha512-P4hHhk7kjF99acXqKvltyuMQ2kf/rzIw3ylEDpCxDS9Xa0X0Yp/gJu/vDCucmWpiur5qJ0lwB2bWzOXa2GlHqA==",
            "dev": true,
            "license": "MIT",
            "dependencies": {
                "@types/node": "*",
                "@types/ws": "*"
            }
        },
        "node_modules/commander": {
            "version": "13.1.0",
            "resolved": "https://registry.npmjs.org/commander/-/commander-13.1.0.tgz",
            "integrity": "sha512-/rFeCpNJQbhSZjGVwO9RFV3xPqbnERS8MmIQzCtD/zl6gpJuV/bMLuN92oG3F7d8oDEHHRrujSXNUr8fpjntKw==",
            "license": "MIT",
            "engines": {
                "node": ">=18"
            }
        },
        "node_modules/dotenv": {
            "version": "16.4.7",
            "resolved": "https://registry.npmjs.org/dotenv/-/dotenv-16.4.7.tgz",
            "integrity": "sha512-47qPchRCykZC03FhkYAhrvwU4xDBFIj1QPqaarj6mdM/hgUzfPHcpkHJOn3mJAufFeeAxAzeGsr5X0M4k6fLZQ==",
            "dev": true,
            "license": "BSD-2-Clause",
            "engines": {
                "node": ">=12"
            },
            "funding": {
                "url": "https://dotenvx.com"
            }
        },
        "node_modules/eventsource": {
            "version": "2.0.2",
            "resolved": "https://registry.npmjs.org/eventsource/-/eventsource-2.0.2.tgz",
            "integrity": "sha512-IzUmBGPR3+oUG9dUeXynyNmf91/3zUSJg1lCktzKw47OXuhco54U3r9B7O4XX+Rb1Itm9OZ2b0RkTs10bICOxA==",
            "license": "MIT",
            "engines": {
                "node": ">=12.0.0"
            }
        },
        "node_modules/eventsource-parser": {
            "version": "1.1.2",
            "resolved": "https://registry.npmjs.org/eventsource-parser/-/eventsource-parser-1.1.2.tgz",
            "integrity": "sha512-v0eOBUbiaFojBu2s2NPBfYUoRR9GjcDNvCXVaqEf5vVfpIAh9f8RCo4vXTP8c63QRKCFwoLpMpTdPwwhEKVgzA==",
            "license": "MIT",
            "engines": {
                "node": ">=14.18"
            }
        },
        "node_modules/fast-deep-equal": {
            "version": "3.1.3",
            "resolved": "https://registry.npmjs.org/fast-deep-equal/-/fast-deep-equal-3.1.3.tgz",
            "integrity": "sha512-f3qQ9oQy9j2AhBe/H9VC91wLmKBCCU/gDOnKNAYG5hswO7BLKj09Hc5HYNz9cGI++xlpDCIgDaitVs03ATR84Q==",
            "license": "MIT"
        },
        "node_modules/fast-uri": {
            "version": "3.0.6",
            "resolved": "https://registry.npmjs.org/fast-uri/-/fast-uri-3.0.6.tgz",
            "integrity": "sha512-Atfo14OibSv5wAp4VWNsFYE1AchQRTv9cBGWET4pZWHzYshFSS9NQI6I57rdKn9croWVMbYFbLhJ+yJvmZIIHw==",
            "funding": [
                {
                    "type": "github",
                    "url": "https://github.com/sponsors/fastify"
                },
                {
                    "type": "opencollective",
                    "url": "https://opencollective.com/fastify"
                }
            ],
            "license": "BSD-3-Clause"
        },
        "node_modules/json-schema": {
            "version": "0.4.0",
            "resolved": "https://registry.npmjs.org/json-schema/-/json-schema-0.4.0.tgz",
            "integrity": "sha512-es94M3nTIfsEPisRafak+HDLfHXnKBhV3vU5eqPcS3flIWqcxJWgXHXiey3YrpaNsanY5ei1VoYEbOzijuq9BA==",
            "license": "(AFL-2.1 OR BSD-3-Clause)"
        },
        "node_modules/json-schema-traverse": {
            "version": "1.0.0",
            "resolved": "https://registry.npmjs.org/json-schema-traverse/-/json-schema-traverse-1.0.0.tgz",
            "integrity": "sha512-NM8/P9n3XjXhIZn1lLhkFaACTOURQXjWhV4BA/RnOv8xvgqtqpAX9IO4mRQxSx1Rlo4tqzeqb0sOlruaOy3dug==",
            "license": "MIT"
        },
        "node_modules/mime": {
            "version": "4.0.7",
            "resolved": "https://registry.npmjs.org/mime/-/mime-4.0.7.tgz",
            "integrity": "sha512-2OfDPL+e03E0LrXaGYOtTFIYhiuzep94NSsuhrNULq+stylcJedcHdzHtz0atMUuGwJfFYs0YL5xeC/Ca2x0eQ==",
            "funding": [
                "https://github.com/sponsors/broofa"
            ],
            "license": "MIT",
            "bin": {
                "mime": "bin/cli.js"
            },
            "engines": {
                "node": ">=16"
            }
        },
        "node_modules/node-web-stream-adapters": {
            "version": "0.2.1",
            "resolved": "https://registry.npmjs.org/node-web-stream-adapters/-/node-web-stream-adapters-0.2.1.tgz",
            "integrity": "sha512-9wHGcVhyYz4BJrDOdVAiS9ENJXzX3XnRCaocGl0/awuDQLEKuFxd48LSQjIXClAb5f6NHvagGWv/Y14Dpxlo6Q==",
            "license": "MIT"
        },
        "node_modules/require-from-string": {
            "version": "2.0.2",
            "resolved": "https://registry.npmjs.org/require-from-string/-/require-from-string-2.0.2.tgz",
            "integrity": "sha512-Xf0nWe6RseziFMu+Ap9biiUbmplq6S9/p+7w7YXP/JBHhrUDDUhwa+vANyubuqfZWTveU//DYVGsDG7RKL/vEw==",
            "license": "MIT",
            "engines": {
                "node": ">=0.10.0"
            }
        },
        "node_modules/typescript": {
            "version": "5.8.2",
            "resolved": "https://registry.npmjs.org/typescript/-/typescript-5.8.2.tgz",
            "integrity": "sha512-aJn6wq13/afZp/jT9QZmwEjDqqvSGp1VT5GVg+f/t6/oVyrgXM6BY1h9BRh/O5p3PlUPAe+WuiEZOmb/49RqoQ==",
            "dev": true,
            "license": "Apache-2.0",
            "bin": {
                "tsc": "bin/tsc",
                "tsserver": "bin/tsserver"
            },
            "engines": {
                "node": ">=14.17"
            }
        },
        "node_modules/undici-types": {
            "version": "6.21.0",
            "resolved": "https://registry.npmjs.org/undici-types/-/undici-types-6.21.0.tgz",
            "integrity": "sha512-iwDZqg0QAGrg9Rav5H4n0M64c3mkR59cJ6wQp+7C4nI0gsmExaedaYLNO44eT4AtBBwjbTiGPMlt2Md0T9H9JQ==",
            "license": "MIT"
        }
    }
}
